
Microsoft Visual Studio Solution File, Format Version 12.00
# Visual Studio 15
VisualStudioVersion = 15.0.28307.168
MinimumVisualStudioVersion = 10.0.40219.1
Project("{FAE04EC0-301F-11D3-BF4B-00C04F79EFBC}") = "FeedbackAppV2.0", "FeedbackAppV2.0\FeedbackAppV2.0.csproj", "{0CB3ECC3-E53D-432C-94D5-7F010801C0BD}"
EndProject
Global
	GlobalSection(SolutionConfigurationPlatforms) = preSolution
		Debug|Any CPU = Debug|Any CPU
		Release|Any CPU = Release|Any CPU
	EndGlobalSection
	GlobalSection(ProjectConfigurationPlatforms) = postSolution
		{0CB3ECC3-E53D-432C-94D5-7F010801C0BD}.Debug|Any CPU.ActiveCfg = Debug|Any CPU
		{0CB3ECC3-E53D-432C-94D5-7F010801C0BD}.Debug|Any CPU.Build.0 = Debug|Any CPU
		{0CB3ECC3-E53D-432C-94D5-7F010801C0BD}.Release|Any CPU.ActiveCfg = Release|Any CPU
		{0CB3ECC3-E53D-432C-94D5-7F010801C0BD}.Release|Any CPU.Build.0 = Release|Any CPU
	EndGlobalSection
	GlobalSection(SolutionProperties) = preSolution
		HideSolutionNode = FALSE
	EndGlobalSection
	GlobalSection(ExtensibilityGlobals) = postSolution
		SolutionGuid = {533CAA13-453F-4F61-8772-31E27070C50C}
	EndGlobalSection
EndGlobal
